
Microsoft Visual Studio Solution File, Format Version 12.00
# Visual Studio Version 17
VisualStudioVersion = 17.2.32616.157
MinimumVisualStudioVersion = 10.0.40219.1
Project("{FAE04EC0-301F-11D3-BF4B-00C04F79EFBC}") = "Library Management System", "Library Management System\Library Management System.csproj", "{51BD03C9-2B1C-4C3D-BFB4-C16C3D7D6352}"
EndProject
Global
	GlobalSection(SolutionConfigurationPlatforms) = preSolution
		Debug|Any CPU = Debug|Any CPU
		Release|Any CPU = Release|Any CPU
	EndGlobalSection
	GlobalSection(ProjectConfigurationPlatforms) = postSolution
		{51BD03C9-2B1C-4C3D-BFB4-C16C3D7D6352}.Debug|Any CPU.ActiveCfg = Debug|Any CPU
		{51BD03C9-2B1C-4C3D-BFB4-C16C3D7D6352}.Debug|Any CPU.Build.0 = Debug|Any CPU
		{51BD03C9-2B1C-4C3D-BFB4-C16C3D7D6352}.Release|Any CPU.ActiveCfg = Release|Any CPU
		{51BD03C9-2B1C-4C3D-BFB4-C16C3D7D6352}.Release|Any CPU.Build.0 = Release|Any CPU
	EndGlobalSection
	GlobalSection(SolutionProperties) = preSolution
		HideSolutionNode = FALSE
	EndGlobalSection
	GlobalSection(ExtensibilityGlobals) = postSolution
		SolutionGuid = {C6FB887E-E116-400E-AA62-DB7C9C31FC85}
	EndGlobalSection
EndGlobal
